
Microsoft Visual Studio Solution File, Format Version 12.00
Project("{FAE04EC0-301F-11D3-BF4B-00C04F79EFBC}") = "WpfLiftr", "WpfLiftr\WpfLiftr.csproj", "{5DBD3E67-1087-4698-8DFD-25EE4F40989D}"
EndProject
Global
	GlobalSection(SolutionConfigurationPlatforms) = preSolution
		Debug|Any CPU = Debug|Any CPU
		Release|Any CPU = Release|Any CPU
	EndGlobalSection
	GlobalSection(ProjectConfigurationPlatforms) = postSolution
		{5DBD3E67-1087-4698-8DFD-25EE4F40989D}.Debug|Any CPU.ActiveCfg = Debug|Any CPU
		{5DBD3E67-1087-4698-8DFD-25EE4F40989D}.Debug|Any CPU.Build.0 = Debug|Any CPU
		{5DBD3E67-1087-4698-8DFD-25EE4F40989D}.Release|Any CPU.ActiveCfg = Release|Any CPU
		{5DBD3E67-1087-4698-8DFD-25EE4F40989D}.Release|Any CPU.Build.0 = Release|Any CPU
	EndGlobalSection
EndGlobal
